
Microsoft Visual Studio Solution File, Format Version 12.00
# Visual Studio Version 16
VisualStudioVersion = 16.0.31911.196
MinimumVisualStudioVersion = 10.0.40219.1
Project("{FAE04EC0-301F-11D3-BF4B-00C04F79EFBC}") = "CampSleepaway", "CampSleepaway.csproj", "{78E36174-428F-4BFC-8273-613363D2940D}"
EndProject
Global
	GlobalSection(SolutionConfigurationPlatforms) = preSolution
		Debug|Any CPU = Debug|Any CPU
		Release|Any CPU = Release|Any CPU
	EndGlobalSection
	GlobalSection(ProjectConfigurationPlatforms) = postSolution
		{78E36174-428F-4BFC-8273-613363D2940D}.Debug|Any CPU.ActiveCfg = Debug|Any CPU
		{78E36174-428F-4BFC-8273-613363D2940D}.Debug|Any CPU.Build.0 = Debug|Any CPU
		{78E36174-428F-4BFC-8273-613363D2940D}.Release|Any CPU.ActiveCfg = Release|Any CPU
		{78E36174-428F-4BFC-8273-613363D2940D}.Release|Any CPU.Build.0 = Release|Any CPU
	EndGlobalSection
	GlobalSection(SolutionProperties) = preSolution
		HideSolutionNode = FALSE
	EndGlobalSection
	GlobalSection(ExtensibilityGlobals) = postSolution
		SolutionGuid = {CDBFDC2B-68FE-4CCF-B752-3AAA15030B2F}
	EndGlobalSection
EndGlobal
